
Microsoft Visual Studio Solution File, Format Version 12.00
# Visual Studio Version 17
VisualStudioVersion = 17.3.32819.101
MinimumVisualStudioVersion = 10.0.40219.1
Project("{FAE04EC0-301F-11D3-BF4B-00C04F79EFBC}") = "DTETI Room Booker", "DTETI Room Booker\DTETI Room Booker.csproj", "{90427756-2539-4A22-94D0-187955C98A4B}"
EndProject
Global
	GlobalSection(SolutionConfigurationPlatforms) = preSolution
		Debug|Any CPU = Debug|Any CPU
		Release|Any CPU = Release|Any CPU
	EndGlobalSection
	GlobalSection(ProjectConfigurationPlatforms) = postSolution
		{90427756-2539-4A22-94D0-187955C98A4B}.Debug|Any CPU.ActiveCfg = Debug|Any CPU
		{90427756-2539-4A22-94D0-187955C98A4B}.Debug|Any CPU.Build.0 = Debug|Any CPU
		{90427756-2539-4A22-94D0-187955C98A4B}.Release|Any CPU.ActiveCfg = Release|Any CPU
		{90427756-2539-4A22-94D0-187955C98A4B}.Release|Any CPU.Build.0 = Release|Any CPU
	EndGlobalSection
	GlobalSection(SolutionProperties) = preSolution
		HideSolutionNode = FALSE
	EndGlobalSection
	GlobalSection(ExtensibilityGlobals) = postSolution
		SolutionGuid = {B311BD3F-1F0B-4C07-AFB6-1C184D25169D}
	EndGlobalSection
EndGlobal
